// !$*UTF8*$!
{
	archiveVersion = 1;
	classes = {
	};
	objectVersion = 46;
	objects = {

/* Begin PBXBuildFile section */
		5329A4681CBE8A8900A85E8A /* main.cpp in Sources */ = {isa = PBXBuildFile; fileRef = 5329A4671CBE8A8900A85E8A /* main.cpp */; };
		5329A4711CBE8BA400A85E8A /* string.cpp in Sources */ = {isa = PBXBuildFile; fileRef = 5329A46F1CBE8BA400A85E8A /* string.cpp */; };
		5329A4741CBE926100A85E8A /* first.cpp in Sources */ = {isa = PBXBuildFile; fileRef = 5329A4721CBE926100A85E8A /* first.cpp */; };
		5329A4791CBE9E0300A85E8A /* second.cpp in Sources */ = {isa = PBXBuildFile; fileRef = 5329A4781CBE9E0300A85E8A /* second.cpp */; };
		5329A47B1CBEA07700A85E8A /* third.cpp in Sources */ = {isa = PBXBuildFile; fileRef = 5329A47A1CBEA07700A85E8A /* third.cpp */; };
		5329A47D1CBEEBE600A85E8A /* fourth.cpp in Sources */ = {isa = PBXBuildFile; fileRef = 5329A47C1CBEEBE600A85E8A /* fourth.cpp */; };
		5329A47F1CBF104F00A85E8A /* fifth.cpp in Sources */ = {isa = PBXBuildFile; fileRef = 5329A47E1CBF104F00A85E8A /* fifth.cpp */; };
		5329A4811CBF105A00A85E8A /* sixth.cpp in Sources */ = {isa = PBXBuildFile; fileRef = 5329A4801CBF105A00A85E8A /* sixth.cpp */; };
		5329A4831CBF106600A85E8A /* seventh.cpp in Sources */ = {isa = PBXBuildFile; fileRef = 5329A4821CBF106600A85E8A /* seventh.cpp */; };
		5329A4851CBF107800A85E8A /* eighth.cpp in Sources */ = {isa = PBXBuildFile; fileRef = 5329A4841CBF107800A85E8A /* eighth.cpp */; };
		5329A4871CBF108300A85E8A /* nineth.cpp in Sources */ = {isa = PBXBuildFile; fileRef = 5329A4861CBF108300A85E8A /* nineth.cpp */; };
		5329A4891CBF109200A85E8A /* tenth.cpp in Sources */ = {isa = PBXBuildFile; fileRef = 5329A4881CBF109200A85E8A /* tenth.cpp */; };
		5329A48C1CBFB5A200A85E8A /* abstract.cpp in Sources */ = {isa = PBXBuildFile; fileRef = 5329A48A1CBFB5A200A85E8A /* abstract.cpp */; };
/* End PBXBuildFile section */

/* Begin PBXCopyFilesBuildPhase section */
		5329A4621CBE8A8900A85E8A /* CopyFiles */ = {
			isa = PBXCopyFilesBuildPhase;
			buildActionMask = 2147483647;
			dstPath = /usr/share/man/man1/;
			dstSubfolderSpec = 0;
			files = (
			);
			runOnlyForDeploymentPostprocessing = 1;
		};
/* End PBXCopyFilesBuildPhase section */

/* Begin PBXFileReference section */
		5329A4641CBE8A8900A85E8A /* ComputerProgrammingCPP */ = {isa = PBXFileReference; explicitFileType = "compiled.mach-o.executable"; includeInIndex = 0; path = ComputerProgrammingCPP; sourceTree = BUILT_PRODUCTS_DIR; };
		5329A4671CBE8A8900A85E8A /* main.cpp */ = {isa = PBXFileReference; lastKnownFileType = sourcecode.cpp.cpp; path = main.cpp; sourceTree = "<group>"; };
		5329A46F1CBE8BA400A85E8A /* string.cpp */ = {isa = PBXFileReference; fileEncoding = 4; lastKnownFileType = sourcecode.cpp.cpp; path = string.cpp; sourceTree = "<group>"; };
		5329A4701CBE8BA400A85E8A /* string.hpp */ = {isa = PBXFileReference; fileEncoding = 4; lastKnownFileType = sourcecode.cpp.h; path = string.hpp; sourceTree = "<group>"; };
		5329A4721CBE926100A85E8A /* first.cpp */ = {isa = PBXFileReference; fileEncoding = 4; lastKnownFileType = sourcecode.cpp.cpp; path = first.cpp; sourceTree = "<group>"; };
		5329A4731CBE926100A85E8A /* prototype.hpp */ = {isa = PBXFileReference; fileEncoding = 4; lastKnownFileType = sourcecode.cpp.h; path = prototype.hpp; sourceTree = "<group>"; };
		5329A4781CBE9E0300A85E8A /* second.cpp */ = {isa = PBXFileReference; fileEncoding = 4; lastKnownFileType = sourcecode.cpp.cpp; path = second.cpp; sourceTree = "<group>"; };
		5329A47A1CBEA07700A85E8A /* third.cpp */ = {isa = PBXFileReference; fileEncoding = 4; lastKnownFileType = sourcecode.cpp.cpp; path = third.cpp; sourceTree = "<group>"; };
		5329A47C1CBEEBE600A85E8A /* fourth.cpp */ = {isa = PBXFileReference; fileEncoding = 4; lastKnownFileType = sourcecode.cpp.cpp; path = fourth.cpp; sourceTree = "<group>"; };
		5329A47E1CBF104F00A85E8A /* fifth.cpp */ = {isa = PBXFileReference; fileEncoding = 4; lastKnownFileType = sourcecode.cpp.cpp; path = fifth.cpp; sourceTree = "<group>"; };
		5329A4801CBF105A00A85E8A /* sixth.cpp */ = {isa = PBXFileReference; fileEncoding = 4; lastKnownFileType = sourcecode.cpp.cpp; path = sixth.cpp; sourceTree = "<group>"; };
		5329A4821CBF106600A85E8A /* seventh.cpp */ = {isa = PBXFileReference; fileEncoding = 4; lastKnownFileType = sourcecode.cpp.cpp; path = seventh.cpp; sourceTree = "<group>"; };
		5329A4841CBF107800A85E8A /* eighth.cpp */ = {isa = PBXFileReference; fileEncoding = 4; lastKnownFileType = sourcecode.cpp.cpp; path = eighth.cpp; sourceTree = "<group>"; };
		5329A4861CBF108300A85E8A /* nineth.cpp */ = {isa = PBXFileReference; fileEncoding = 4; lastKnownFileType = sourcecode.cpp.cpp; path = nineth.cpp; sourceTree = "<group>"; };
		5329A4881CBF109200A85E8A /* tenth.cpp */ = {isa = PBXFileReference; fileEncoding = 4; lastKnownFileType = sourcecode.cpp.cpp; path = tenth.cpp; sourceTree = "<group>"; };
		5329A48A1CBFB5A200A85E8A /* abstract.cpp */ = {isa = PBXFileReference; fileEncoding = 4; lastKnownFileType = sourcecode.cpp.cpp; path = abstract.cpp; sourceTree = "<group>"; };
/* End PBXFileReference section */

/* Begin PBXFrameworksBuildPhase section */
		5329A4611CBE8A8900A85E8A /* Frameworks */ = {
			isa = PBXFrameworksBuildPhase;
			buildActionMask = 2147483647;
			files = (
			);
			runOnlyForDeploymentPostprocessing = 0;
		};
/* End PBXFrameworksBuildPhase section */

/* Begin PBXGroup section */
		5329A45B1CBE8A8900A85E8A = {
			isa = PBXGroup;
			children = (
				5329A4661CBE8A8900A85E8A /* ComputerProgrammingCPP */,
				5329A4651CBE8A8900A85E8A /* Products */,
			);
			sourceTree = "<group>";
		};
		5329A4651CBE8A8900A85E8A /* Products */ = {
			isa = PBXGroup;
			children = (
				5329A4641CBE8A8900A85E8A /* ComputerProgrammingCPP */,
			);
			name = Products;
			sourceTree = "<group>";
		};
		5329A4661CBE8A8900A85E8A /* ComputerProgrammingCPP */ = {
			isa = PBXGroup;
			children = (
				5329A46E1CBE8AB300A85E8A /* src */,
				5329A4671CBE8A8900A85E8A /* main.cpp */,
			);
			path = ComputerProgrammingCPP;
			sourceTree = "<group>";
		};
		5329A46E1CBE8AB300A85E8A /* src */ = {
			isa = PBXGroup;
			children = (
				5329A4841CBF107800A85E8A /* eighth.cpp */,
				5329A47E1CBF104F00A85E8A /* fifth.cpp */,
				5329A4721CBE926100A85E8A /* first.cpp */,
				5329A47C1CBEEBE600A85E8A /* fourth.cpp */,
				5329A4861CBF108300A85E8A /* nineth.cpp */,
				5329A4731CBE926100A85E8A /* prototype.hpp */,
				5329A4781CBE9E0300A85E8A /* second.cpp */,
				5329A4821CBF106600A85E8A /* seventh.cpp */,
				5329A4801CBF105A00A85E8A /* sixth.cpp */,
				5329A46F1CBE8BA400A85E8A /* string.cpp */,
				5329A4701CBE8BA400A85E8A /* string.hpp */,
				5329A4881CBF109200A85E8A /* tenth.cpp */,
				5329A47A1CBEA07700A85E8A /* third.cpp */,
				5329A48A1CBFB5A200A85E8A /* abstract.cpp */,
			);
			path = src;
			sourceTree = "<group>";
		};
/* End PBXGroup section */

/* Begin PBXNativeTarget section */
		5329A4631CBE8A8900A85E8A /* ComputerProgrammingCPP */ = {
			isa = PBXNativeTarget;
			buildConfigurationList = 5329A46B1CBE8A8900A85E8A /* Build configuration list for PBXNativeTarget "ComputerProgrammingCPP" */;
			buildPhases = (
				5329A4601CBE8A8900A85E8A /* Sources */,
				5329A4611CBE8A8900A85E8A /* Frameworks */,
				5329A4621CBE8A8900A85E8A /* CopyFiles */,
			);
			buildRules = (
			);
			dependencies = (
			);
			name = ComputerProgrammingCPP;
			productName = ComputerProgrammingCPP;
			productReference = 5329A4641CBE8A8900A85E8A /* ComputerProgrammingCPP */;
			productType = "com.apple.product-type.tool";
		};
/* End PBXNativeTarget section */

/* Begin PBXProject section */
		5329A45C1CBE8A8900A85E8A /* Project object */ = {
			isa = PBXProject;
			attributes = {
				LastUpgradeCheck = 0730;
				ORGANIZATIONNAME = "Swift Yah";
				TargetAttributes = {
					5329A4631CBE8A8900A85E8A = {
						CreatedOnToolsVersion = 7.3;
					};
				};
			};
			buildConfigurationList = 5329A45F1CBE8A8900A85E8A /* Build configuration list for PBXProject "ComputerProgrammingCPP" */;
			compatibilityVersion = "Xcode 3.2";
			developmentRegion = English;
			hasScannedForEncodings = 0;
			knownRegions = (
				en,
			);
			mainGroup = 5329A45B1CBE8A8900A85E8A;
			productRefGroup = 5329A4651CBE8A8900A85E8A /* Products */;
			projectDirPath = "";
			projectRoot = "";
			targets = (
				5329A4631CBE8A8900A85E8A /* ComputerProgrammingCPP */,
			);
		};
/* End PBXProject section */

/* Begin PBXSourcesBuildPhase section */
		5329A4601CBE8A8900A85E8A /* Sources */ = {
			isa = PBXSourcesBuildPhase;
			buildActionMask = 2147483647;
			files = (
				5329A4741CBE926100A85E8A /* first.cpp in Sources */,
				5329A4711CBE8BA400A85E8A /* string.cpp in Sources */,
				5329A4851CBF107800A85E8A /* eighth.cpp in Sources */,
				5329A4811CBF105A00A85E8A /* sixth.cpp in Sources */,
				5329A4681CBE8A8900A85E8A /* main.cpp in Sources */,
				5329A4891CBF109200A85E8A /* tenth.cpp in Sources */,
				5329A4791CBE9E0300A85E8A /* second.cpp in Sources */,
				5329A4871CBF108300A85E8A /* nineth.cpp in Sources */,
				5329A47F1CBF104F00A85E8A /* fifth.cpp in Sources */,
				5329A47B1CBEA07700A85E8A /* third.cpp in Sources */,
				5329A4831CBF106600A85E8A /* seventh.cpp in Sources */,
				5329A48C1CBFB5A200A85E8A /* abstract.cpp in Sources */,
				5329A47D1CBEEBE600A85E8A /* fourth.cpp in Sources */,
			);
			runOnlyForDeploymentPostprocessing = 0;
		};
/* End PBXSourcesBuildPhase section */

/* Begin XCBuildConfiguration section */
		5329A4691CBE8A8900A85E8A /* Debug */ = {
			isa = XCBuildConfiguration;
			buildSettings = {
				ALWAYS_SEARCH_USER_PATHS = NO;
				CLANG_ANALYZER_NONNULL = YES;
				CLANG_CXX_LANGUAGE_STANDARD = "gnu++0x";
				CLANG_CXX_LIBRARY = "libc++";
				CLANG_ENABLE_MODULES = YES;
				CLANG_ENABLE_OBJC_ARC = YES;
				CLANG_WARN_BOOL_CONVERSION = YES;
				CLANG_WARN_CONSTANT_CONVERSION = YES;
				CLANG_WARN_DIRECT_OBJC_ISA_USAGE = YES_ERROR;
				CLANG_WARN_EMPTY_BODY = YES;
				CLANG_WARN_ENUM_CONVERSION = YES;
				CLANG_WARN_INT_CONVERSION = YES;
				CLANG_WARN_OBJC_ROOT_CLASS = YES_ERROR;
				CLANG_WARN_UNREACHABLE_CODE = YES;
				CLANG_WARN__DUPLICATE_METHOD_MATCH = YES;
				CODE_SIGN_IDENTITY = "-";
				COPY_PHASE_STRIP = NO;
				DEBUG_INFORMATION_FORMAT = dwarf;
				ENABLE_STRICT_OBJC_MSGSEND = YES;
				ENABLE_TESTABILITY = YES;
				GCC_C_LANGUAGE_STANDARD = gnu99;
				GCC_DYNAMIC_NO_PIC = NO;
				GCC_NO_COMMON_BLOCKS = YES;
				GCC_OPTIMIZATION_LEVEL = 0;
				GCC_PREPROCESSOR_DEFINITIONS = (
					"DEBUG=1",
					"$(inherited)",
				);
				GCC_WARN_64_TO_32_BIT_CONVERSION = YES;
				GCC_WARN_ABOUT_RETURN_TYPE = YES_ERROR;
				GCC_WARN_UNDECLARED_SELECTOR = YES;
				GCC_WARN_UNINITIALIZED_AUTOS = YES_AGGRESSIVE;
				GCC_WARN_UNUSED_FUNCTION = YES;
				GCC_WARN_UNUSED_VARIABLE = YES;
				MACOSX_DEPLOYMENT_TARGET = 10.11;
				MTL_ENABLE_DEBUG_INFO = YES;
				ONLY_ACTIVE_ARCH = YES;
				SDKROOT = macosx;
			};
			name = Debug;
		};
		5329A46A1CBE8A8900A85E8A /* Release */ = {
			isa = XCBuildConfiguration;
			buildSettings = {
				ALWAYS_SEARCH_USER_PATHS = NO;
				CLANG_ANALYZER_NONNULL = YES;
				CLANG_CXX_LANGUAGE_STANDARD = "gnu++0x";
				CLANG_CXX_LIBRARY = "libc++";
				CLANG_ENABLE_MODULES = YES;
				CLANG_ENABLE_OBJC_ARC = YES;
				CLANG_WARN_BOOL_CONVERSION = YES;
				CLANG_WARN_CONSTANT_CONVERSION = YES;
				CLANG_WARN_DIRECT_OBJC_ISA_USAGE = YES_ERROR;
				CLANG_WARN_EMPTY_BODY = YES;
				CLANG_WARN_ENUM_CONVERSION = YES;
				CLANG_WARN_INT_CONVERSION = YES;
				CLANG_WARN_OBJC_ROOT_CLASS = YES_ERROR;
				CLANG_WARN_UNREACHABLE_CODE = YES;
				CLANG_WARN__DUPLICATE_METHOD_MATCH = YES;
				CODE_SIGN_IDENTITY = "-";
				COPY_PHASE_STRIP = NO;
				DEBUG_INFORMATION_FORMAT = "dwarf-with-dsym";
				ENABLE_NS_ASSERTIONS = NO;
				ENABLE_STRICT_OBJC_MSGSEND = YES;
				GCC_C_LANGUAGE_STANDARD = gnu99;
				GCC_NO_COMMON_BLOCKS = YES;
				GCC_WARN_64_TO_32_BIT_CONVERSION = YES;
				GCC_WARN_ABOUT_RETURN_TYPE = YES_ERROR;
				GCC_WARN_UNDECLARED_SELECTOR = YES;
				GCC_WARN_UNINITIALIZED_AUTOS = YES_AGGRESSIVE;
				GCC_WARN_UNUSED_FUNCTION = YES;
				GCC_WARN_UNUSED_VARIABLE = YES;
				MACOSX_DEPLOYMENT_TARGET = 10.11;
				MTL_ENABLE_DEBUG_INFO = NO;
				SDKROOT = macosx;
			};
			name = Release;
		};
		5329A46C1CBE8A8900A85E8A /* Debug */ = {
			isa = XCBuildConfiguration;
			buildSettings = {
				PRODUCT_NAME = "$(TARGET_NAME)";
			};
			name = Debug;
		};
		5329A46D1CBE8A8900A85E8A /* Release */ = {
			isa = XCBuildConfiguration;
			buildSettings = {
				PRODUCT_NAME = "$(TARGET_NAME)";
			};
			name = Release;
		};
/* End XCBuildConfiguration section */

/* Begin XCConfigurationList section */
		5329A45F1CBE8A8900A85E8A /* Build configuration list for PBXProject "ComputerProgrammingCPP" */ = {
			isa = XCConfigurationList;
			buildConfigurations = (
				5329A4691CBE8A8900A85E8A /* Debug */,
				5329A46A1CBE8A8900A85E8A /* Release */,
			);
			defaultConfigurationIsVisible = 0;
			defaultConfigurationName = Release;
		};
		5329A46B1CBE8A8900A85E8A /* Build configuration list for PBXNativeTarget "ComputerProgrammingCPP" */ = {
			isa = XCConfigurationList;
			buildConfigurations = (
				5329A46C1CBE8A8900A85E8A /* Debug */,
				5329A46D1CBE8A8900A85E8A /* Release */,
			);
			defaultConfigurationIsVisible = 0;
			defaultConfigurationName = Release;
		};
/* End XCConfigurationList section */
	};
	rootObject = 5329A45C1CBE8A8900A85E8A /* Project object */;
}
